
Microsoft Visual Studio Solution File, Format Version 12.00
# Visual Studio Version 17
VisualStudioVersion = 17.9.34622.214
MinimumVisualStudioVersion = 10.0.40219.1
Project("{9A19103F-16F7-4668-BE54-9A1E7A4F7556}") = "Hospital.Data", "Hospital.Data\Hospital.Data.csproj", "{F5A6DFCF-392F-45FA-BE4F-4E36302E1AEB}"
EndProject
Project("{9A19103F-16F7-4668-BE54-9A1E7A4F7556}") = "Hospital.UI", "Hospital.UI\Hospital.UI.csproj", "{A3AA654A-A1ED-4276-A057-446E18F1F2B3}"
EndProject
Global
	GlobalSection(SolutionConfigurationPlatforms) = preSolution
		Debug|Any CPU = Debug|Any CPU
		Release|Any CPU = Release|Any CPU
	EndGlobalSection
	GlobalSection(ProjectConfigurationPlatforms) = postSolution
		{F5A6DFCF-392F-45FA-BE4F-4E36302E1AEB}.Debug|Any CPU.ActiveCfg = Debug|Any CPU
		{F5A6DFCF-392F-45FA-BE4F-4E36302E1AEB}.Debug|Any CPU.Build.0 = Debug|Any CPU
		{F5A6DFCF-392F-45FA-BE4F-4E36302E1AEB}.Release|Any CPU.ActiveCfg = Release|Any CPU
		{F5A6DFCF-392F-45FA-BE4F-4E36302E1AEB}.Release|Any CPU.Build.0 = Release|Any CPU
		{A3AA654A-A1ED-4276-A057-446E18F1F2B3}.Debug|Any CPU.ActiveCfg = Debug|Any CPU
		{A3AA654A-A1ED-4276-A057-446E18F1F2B3}.Debug|Any CPU.Build.0 = Debug|Any CPU
		{A3AA654A-A1ED-4276-A057-446E18F1F2B3}.Release|Any CPU.ActiveCfg = Release|Any CPU
		{A3AA654A-A1ED-4276-A057-446E18F1F2B3}.Release|Any CPU.Build.0 = Release|Any CPU
	EndGlobalSection
	GlobalSection(SolutionProperties) = preSolution
		HideSolutionNode = FALSE
	EndGlobalSection
	GlobalSection(ExtensibilityGlobals) = postSolution
		SolutionGuid = {9EAEEF0C-1016-44D5-B9E2-FAE7AD180873}
	EndGlobalSection
EndGlobal
